
Microsoft Visual Studio Solution File, Format Version 12.00
# Visual Studio Version 17
VisualStudioVersion = 17.13.36105.23 d17.13
MinimumVisualStudioVersion = 10.0.40219.1
Project("{FAE04EC0-301F-11D3-BF4B-00C04F79EFBC}") = "gestionale-scalzo", "gestionale-scalzo\gestionale-scalzo.csproj", "{8E467BB4-2568-4B43-A179-2F816954705B}"
EndProject
Global
	GlobalSection(SolutionConfigurationPlatforms) = preSolution
		Debug|Any CPU = Debug|Any CPU
		Release|Any CPU = Release|Any CPU
	EndGlobalSection
	GlobalSection(ProjectConfigurationPlatforms) = postSolution
		{8E467BB4-2568-4B43-A179-2F816954705B}.Debug|Any CPU.ActiveCfg = Debug|Any CPU
		{8E467BB4-2568-4B43-A179-2F816954705B}.Debug|Any CPU.Build.0 = Debug|Any CPU
		{8E467BB4-2568-4B43-A179-2F816954705B}.Release|Any CPU.ActiveCfg = Release|Any CPU
		{8E467BB4-2568-4B43-A179-2F816954705B}.Release|Any CPU.Build.0 = Release|Any CPU
	EndGlobalSection
	GlobalSection(SolutionProperties) = preSolution
		HideSolutionNode = FALSE
	EndGlobalSection
	GlobalSection(ExtensibilityGlobals) = postSolution
		SolutionGuid = {0FA803D9-2A12-4125-A6CC-F2C2723922C5}
	EndGlobalSection
EndGlobal
